
Microsoft Visual Studio Solution File, Format Version 12.00
# Visual Studio Version 17
VisualStudioVersion = 17.7.34221.43
MinimumVisualStudioVersion = 10.0.40219.1
Project("{FAE04EC0-301F-11D3-BF4B-00C04F79EFBC}") = "W7 1 Even Numbers", "W7 1 Even Numbers\W7 1 Even Numbers.csproj", "{5B77C39A-D2DC-4824-AC3A-6B2B101F628E}"
EndProject
Global
	GlobalSection(SolutionConfigurationPlatforms) = preSolution
		Debug|Any CPU = Debug|Any CPU
		Release|Any CPU = Release|Any CPU
	EndGlobalSection
	GlobalSection(ProjectConfigurationPlatforms) = postSolution
		{5B77C39A-D2DC-4824-AC3A-6B2B101F628E}.Debug|Any CPU.ActiveCfg = Debug|Any CPU
		{5B77C39A-D2DC-4824-AC3A-6B2B101F628E}.Debug|Any CPU.Build.0 = Debug|Any CPU
		{5B77C39A-D2DC-4824-AC3A-6B2B101F628E}.Release|Any CPU.ActiveCfg = Release|Any CPU
		{5B77C39A-D2DC-4824-AC3A-6B2B101F628E}.Release|Any CPU.Build.0 = Release|Any CPU
	EndGlobalSection
	GlobalSection(SolutionProperties) = preSolution
		HideSolutionNode = FALSE
	EndGlobalSection
	GlobalSection(ExtensibilityGlobals) = postSolution
		SolutionGuid = {957BAADD-2FBB-44F9-98CF-E7C43EE1B151}
	EndGlobalSection
EndGlobal
