
Microsoft Visual Studio Solution File, Format Version 12.00
# Visual Studio Version 17
VisualStudioVersion = 17.7.34302.85
MinimumVisualStudioVersion = 10.0.40219.1
Project("{9A19103F-16F7-4668-BE54-9A1E7A4F7556}") = "Question 3", "MockExamAttempt\Question 3.csproj", "{B9871661-40E9-44C4-AFD7-F86CFBDAE31D}"
EndProject
Project("{FAE04EC0-301F-11D3-BF4B-00C04F79EFBC}") = "Question 1", "Question 1\Question 1.csproj", "{1C940691-5BD1-4CA1-A110-58AFC900EE8F}"
EndProject
Project("{FAE04EC0-301F-11D3-BF4B-00C04F79EFBC}") = "Question 2", "Question 2\Question 2.csproj", "{2188F8EF-7640-4E79-8D4F-802BB005A45A}"
EndProject
Project("{FAE04EC0-301F-11D3-BF4B-00C04F79EFBC}") = "Question 4", "Question 4\Question 4.csproj", "{FB5CBB51-9ED5-49CA-B539-583BE4D81336}"
EndProject
Project("{FAE04EC0-301F-11D3-BF4B-00C04F79EFBC}") = "Question 5", "Question 5\Question 5.csproj", "{30817541-4AD4-4F15-A560-50DBF5958AEF}"
EndProject
Global
	GlobalSection(SolutionConfigurationPlatforms) = preSolution
		Debug|Any CPU = Debug|Any CPU
		Release|Any CPU = Release|Any CPU
	EndGlobalSection
	GlobalSection(ProjectConfigurationPlatforms) = postSolution
		{B9871661-40E9-44C4-AFD7-F86CFBDAE31D}.Debug|Any CPU.ActiveCfg = Debug|Any CPU
		{B9871661-40E9-44C4-AFD7-F86CFBDAE31D}.Debug|Any CPU.Build.0 = Debug|Any CPU
		{B9871661-40E9-44C4-AFD7-F86CFBDAE31D}.Release|Any CPU.ActiveCfg = Release|Any CPU
		{B9871661-40E9-44C4-AFD7-F86CFBDAE31D}.Release|Any CPU.Build.0 = Release|Any CPU
		{1C940691-5BD1-4CA1-A110-58AFC900EE8F}.Debug|Any CPU.ActiveCfg = Debug|Any CPU
		{1C940691-5BD1-4CA1-A110-58AFC900EE8F}.Debug|Any CPU.Build.0 = Debug|Any CPU
		{1C940691-5BD1-4CA1-A110-58AFC900EE8F}.Release|Any CPU.ActiveCfg = Release|Any CPU
		{1C940691-5BD1-4CA1-A110-58AFC900EE8F}.Release|Any CPU.Build.0 = Release|Any CPU
		{2188F8EF-7640-4E79-8D4F-802BB005A45A}.Debug|Any CPU.ActiveCfg = Debug|Any CPU
		{2188F8EF-7640-4E79-8D4F-802BB005A45A}.Debug|Any CPU.Build.0 = Debug|Any CPU
		{2188F8EF-7640-4E79-8D4F-802BB005A45A}.Release|Any CPU.ActiveCfg = Release|Any CPU
		{2188F8EF-7640-4E79-8D4F-802BB005A45A}.Release|Any CPU.Build.0 = Release|Any CPU
		{FB5CBB51-9ED5-49CA-B539-583BE4D81336}.Debug|Any CPU.ActiveCfg = Debug|Any CPU
		{FB5CBB51-9ED5-49CA-B539-583BE4D81336}.Debug|Any CPU.Build.0 = Debug|Any CPU
		{FB5CBB51-9ED5-49CA-B539-583BE4D81336}.Release|Any CPU.ActiveCfg = Release|Any CPU
		{FB5CBB51-9ED5-49CA-B539-583BE4D81336}.Release|Any CPU.Build.0 = Release|Any CPU
		{30817541-4AD4-4F15-A560-50DBF5958AEF}.Debug|Any CPU.ActiveCfg = Debug|Any CPU
		{30817541-4AD4-4F15-A560-50DBF5958AEF}.Debug|Any CPU.Build.0 = Debug|Any CPU
		{30817541-4AD4-4F15-A560-50DBF5958AEF}.Release|Any CPU.ActiveCfg = Release|Any CPU
		{30817541-4AD4-4F15-A560-50DBF5958AEF}.Release|Any CPU.Build.0 = Release|Any CPU
	EndGlobalSection
	GlobalSection(SolutionProperties) = preSolution
		HideSolutionNode = FALSE
	EndGlobalSection
	GlobalSection(ExtensibilityGlobals) = postSolution
		SolutionGuid = {018BD4F8-5147-4D07-BC01-18BCE7EA3974}
	EndGlobalSection
EndGlobal
